// !$*UTF8*$!
{
	archiveVersion = 1;
	classes = {
	};
	objectVersion = 48;
	objects = {

/* Begin PBXBuildFile section */
		85F9080E1F12D9E30062BD63 /* AppDelegate.swift in Sources */ = {isa = PBXBuildFile; fileRef = 85F9080D1F12D9E30062BD63 /* AppDelegate.swift */; };
		85F908111F12D9E30062BD63 /* Celetur.xcdatamodeld in Sources */ = {isa = PBXBuildFile; fileRef = 85F9080F1F12D9E30062BD63 /* Celetur.xcdatamodeld */; };
		85F908131F12D9E30062BD63 /* MasterViewController.swift in Sources */ = {isa = PBXBuildFile; fileRef = 85F908121F12D9E30062BD63 /* MasterViewController.swift */; };
		85F908151F12D9E30062BD63 /* DetailViewController.swift in Sources */ = {isa = PBXBuildFile; fileRef = 85F908141F12D9E30062BD63 /* DetailViewController.swift */; };
		85F908181F12D9E30062BD63 /* Main.storyboard in Resources */ = {isa = PBXBuildFile; fileRef = 85F908161F12D9E30062BD63 /* Main.storyboard */; };
		85F9081A1F12D9E30062BD63 /* Assets.xcassets in Resources */ = {isa = PBXBuildFile; fileRef = 85F908191F12D9E30062BD63 /* Assets.xcassets */; };
		85F9081D1F12D9E30062BD63 /* LaunchScreen.storyboard in Resources */ = {isa = PBXBuildFile; fileRef = 85F9081B1F12D9E30062BD63 /* LaunchScreen.storyboard */; };
		85F908281F12D9E30062BD63 /* CeleturTests.swift in Sources */ = {isa = PBXBuildFile; fileRef = 85F908271F12D9E30062BD63 /* CeleturTests.swift */; };
		85F908581F12DD4F0062BD63 /* CeleturLibrary.framework in Frameworks */ = {isa = PBXBuildFile; fileRef = 85F908551F12DD1C0062BD63 /* CeleturLibrary.framework */; };
/* End PBXBuildFile section */

/* Begin PBXContainerItemProxy section */
		85F908241F12D9E30062BD63 /* PBXContainerItemProxy */ = {
			isa = PBXContainerItemProxy;
			containerPortal = 85F908021F12D9E30062BD63 /* Project object */;
			proxyType = 1;
			remoteGlobalIDString = 85F908091F12D9E30062BD63;
			remoteInfo = Celetur;
		};
		85F908541F12DD1C0062BD63 /* PBXContainerItemProxy */ = {
			isa = PBXContainerItemProxy;
			containerPortal = 85F9084F1F12DD1B0062BD63 /* CeleturLibrary.xcodeproj */;
			proxyType = 2;
			remoteGlobalIDString = 85F907E71F12D8360062BD63;
			remoteInfo = CeleturLibrary;
		};
		85F908561F12DD1C0062BD63 /* PBXContainerItemProxy */ = {
			isa = PBXContainerItemProxy;
			containerPortal = 85F9084F1F12DD1B0062BD63 /* CeleturLibrary.xcodeproj */;
			proxyType = 2;
			remoteGlobalIDString = 85F907F01F12D8360062BD63;
			remoteInfo = CeleturLibraryTests;
		};
/* End PBXContainerItemProxy section */

/* Begin PBXFileReference section */
		85F9080A1F12D9E30062BD63 /* Celetur.app */ = {isa = PBXFileReference; explicitFileType = wrapper.application; includeInIndex = 0; path = Celetur.app; sourceTree = BUILT_PRODUCTS_DIR; };
		85F9080D1F12D9E30062BD63 /* AppDelegate.swift */ = {isa = PBXFileReference; lastKnownFileType = sourcecode.swift; path = AppDelegate.swift; sourceTree = "<group>"; };
		85F908101F12D9E30062BD63 /* Celetur.xcdatamodel */ = {isa = PBXFileReference; lastKnownFileType = wrapper.xcdatamodel; path = Celetur.xcdatamodel; sourceTree = "<group>"; };
		85F908121F12D9E30062BD63 /* MasterViewController.swift */ = {isa = PBXFileReference; lastKnownFileType = sourcecode.swift; path = MasterViewController.swift; sourceTree = "<group>"; };
		85F908141F12D9E30062BD63 /* DetailViewController.swift */ = {isa = PBXFileReference; lastKnownFileType = sourcecode.swift; path = DetailViewController.swift; sourceTree = "<group>"; };
		85F908171F12D9E30062BD63 /* Base */ = {isa = PBXFileReference; lastKnownFileType = file.storyboard; name = Base; path = Base.lproj/Main.storyboard; sourceTree = "<group>"; };
		85F908191F12D9E30062BD63 /* Assets.xcassets */ = {isa = PBXFileReference; lastKnownFileType = folder.assetcatalog; path = Assets.xcassets; sourceTree = "<group>"; };
		85F9081C1F12D9E30062BD63 /* Base */ = {isa = PBXFileReference; lastKnownFileType = file.storyboard; name = Base; path = Base.lproj/LaunchScreen.storyboard; sourceTree = "<group>"; };
		85F9081E1F12D9E30062BD63 /* Info.plist */ = {isa = PBXFileReference; lastKnownFileType = text.plist.xml; path = Info.plist; sourceTree = "<group>"; };
		85F908231F12D9E30062BD63 /* CeleturTests.xctest */ = {isa = PBXFileReference; explicitFileType = wrapper.cfbundle; includeInIndex = 0; path = CeleturTests.xctest; sourceTree = BUILT_PRODUCTS_DIR; };
		85F908271F12D9E30062BD63 /* CeleturTests.swift */ = {isa = PBXFileReference; lastKnownFileType = sourcecode.swift; path = CeleturTests.swift; sourceTree = "<group>"; };
		85F908291F12D9E30062BD63 /* Info.plist */ = {isa = PBXFileReference; lastKnownFileType = text.plist.xml; path = Info.plist; sourceTree = "<group>"; };
		85F9084F1F12DD1B0062BD63 /* CeleturLibrary.xcodeproj */ = {isa = PBXFileReference; lastKnownFileType = "wrapper.pb-project"; name = CeleturLibrary.xcodeproj; path = ../CeleturLibrary/CeleturLibrary.xcodeproj; sourceTree = "<group>"; };
/* End PBXFileReference section */

/* Begin PBXFrameworksBuildPhase section */
		85F908071F12D9E30062BD63 /* Frameworks */ = {
			isa = PBXFrameworksBuildPhase;
			buildActionMask = 2147483647;
			files = (
				85F908581F12DD4F0062BD63 /* CeleturLibrary.framework in Frameworks */,
			);
			runOnlyForDeploymentPostprocessing = 0;
		};
		85F908201F12D9E30062BD63 /* Frameworks */ = {
			isa = PBXFrameworksBuildPhase;
			buildActionMask = 2147483647;
			files = (
			);
			runOnlyForDeploymentPostprocessing = 0;
		};
/* End PBXFrameworksBuildPhase section */

/* Begin PBXGroup section */
		85F908011F12D9E30062BD63 = {
			isa = PBXGroup;
			children = (
				85F9080C1F12D9E30062BD63 /* Celetur */,
				85F908261F12D9E30062BD63 /* CeleturTests */,
				85F9080B1F12D9E30062BD63 /* Products */,
				85F908321F12DAD00062BD63 /* Frameworks */,
			);
			sourceTree = "<group>";
		};
		85F9080B1F12D9E30062BD63 /* Products */ = {
			isa = PBXGroup;
			children = (
				85F9080A1F12D9E30062BD63 /* Celetur.app */,
				85F908231F12D9E30062BD63 /* CeleturTests.xctest */,
			);
			name = Products;
			sourceTree = "<group>";
		};
		85F9080C1F12D9E30062BD63 /* Celetur */ = {
			isa = PBXGroup;
			children = (
				85F9080D1F12D9E30062BD63 /* AppDelegate.swift */,
				85F908121F12D9E30062BD63 /* MasterViewController.swift */,
				85F908141F12D9E30062BD63 /* DetailViewController.swift */,
				85F908161F12D9E30062BD63 /* Main.storyboard */,
				85F908191F12D9E30062BD63 /* Assets.xcassets */,
				85F9081B1F12D9E30062BD63 /* LaunchScreen.storyboard */,
				85F9081E1F12D9E30062BD63 /* Info.plist */,
				85F9080F1F12D9E30062BD63 /* Celetur.xcdatamodeld */,
			);
			path = Celetur;
			sourceTree = "<group>";
		};
		85F908261F12D9E30062BD63 /* CeleturTests */ = {
			isa = PBXGroup;
			children = (
				85F908271F12D9E30062BD63 /* CeleturTests.swift */,
				85F908291F12D9E30062BD63 /* Info.plist */,
			);
			path = CeleturTests;
			sourceTree = "<group>";
		};
		85F908321F12DAD00062BD63 /* Frameworks */ = {
			isa = PBXGroup;
			children = (
				85F9084F1F12DD1B0062BD63 /* CeleturLibrary.xcodeproj */,
			);
			name = Frameworks;
			sourceTree = "<group>";
		};
		85F908501F12DD1B0062BD63 /* Products */ = {
			isa = PBXGroup;
			children = (
				85F908551F12DD1C0062BD63 /* CeleturLibrary.framework */,
				85F908571F12DD1C0062BD63 /* CeleturLibraryTests.xctest */,
			);
			name = Products;
			sourceTree = "<group>";
		};
/* End PBXGroup section */

/* Begin PBXNativeTarget section */
		85F908091F12D9E30062BD63 /* Celetur */ = {
			isa = PBXNativeTarget;
			buildConfigurationList = 85F9082C1F12D9E30062BD63 /* Build configuration list for PBXNativeTarget "Celetur" */;
			buildPhases = (
				85F908061F12D9E30062BD63 /* Sources */,
				85F908071F12D9E30062BD63 /* Frameworks */,
				85F908081F12D9E30062BD63 /* Resources */,
			);
			buildRules = (
			);
			dependencies = (
			);
			name = Celetur;
			productName = Celetur;
			productReference = 85F9080A1F12D9E30062BD63 /* Celetur.app */;
			productType = "com.apple.product-type.application";
		};
		85F908221F12D9E30062BD63 /* CeleturTests */ = {
			isa = PBXNativeTarget;
			buildConfigurationList = 85F9082F1F12D9E30062BD63 /* Build configuration list for PBXNativeTarget "CeleturTests" */;
			buildPhases = (
				85F9081F1F12D9E30062BD63 /* Sources */,
				85F908201F12D9E30062BD63 /* Frameworks */,
				85F908211F12D9E30062BD63 /* Resources */,
			);
			buildRules = (
			);
			dependencies = (
				85F908251F12D9E30062BD63 /* PBXTargetDependency */,
			);
			name = CeleturTests;
			productName = CeleturTests;
			productReference = 85F908231F12D9E30062BD63 /* CeleturTests.xctest */;
			productType = "com.apple.product-type.bundle.unit-test";
		};
/* End PBXNativeTarget section */

/* Begin PBXProject section */
		85F908021F12D9E30062BD63 /* Project object */ = {
			isa = PBXProject;
			attributes = {
				LastSwiftUpdateCheck = 0900;
				LastUpgradeCheck = 0900;
				ORGANIZATIONNAME = ischlecken;
				TargetAttributes = {
					85F908091F12D9E30062BD63 = {
						CreatedOnToolsVersion = 9.0;
					};
					85F908221F12D9E30062BD63 = {
						CreatedOnToolsVersion = 9.0;
						TestTargetID = 85F908091F12D9E30062BD63;
					};
				};
			};
			buildConfigurationList = 85F908051F12D9E30062BD63 /* Build configuration list for PBXProject "Celetur" */;
			compatibilityVersion = "Xcode 8.0";
			developmentRegion = en;
			hasScannedForEncodings = 0;
			knownRegions = (
				en,
				Base,
			);
			mainGroup = 85F908011F12D9E30062BD63;
			productRefGroup = 85F9080B1F12D9E30062BD63 /* Products */;
			projectDirPath = "";
			projectReferences = (
				{
					ProductGroup = 85F908501F12DD1B0062BD63 /* Products */;
					ProjectRef = 85F9084F1F12DD1B0062BD63 /* CeleturLibrary.xcodeproj */;
				},
			);
			projectRoot = "";
			targets = (
				85F908091F12D9E30062BD63 /* Celetur */,
				85F908221F12D9E30062BD63 /* CeleturTests */,
			);
		};
/* End PBXProject section */

/* Begin PBXReferenceProxy section */
		85F908551F12DD1C0062BD63 /* CeleturLibrary.framework */ = {
			isa = PBXReferenceProxy;
			fileType = wrapper.framework;
			path = CeleturLibrary.framework;
			remoteRef = 85F908541F12DD1C0062BD63 /* PBXContainerItemProxy */;
			sourceTree = BUILT_PRODUCTS_DIR;
		};
		85F908571F12DD1C0062BD63 /* CeleturLibraryTests.xctest */ = {
			isa = PBXReferenceProxy;
			fileType = wrapper.cfbundle;
			path = CeleturLibraryTests.xctest;
			remoteRef = 85F908561F12DD1C0062BD63 /* PBXContainerItemProxy */;
			sourceTree = BUILT_PRODUCTS_DIR;
		};
/* End PBXReferenceProxy section */

/* Begin PBXResourcesBuildPhase section */
		85F908081F12D9E30062BD63 /* Resources */ = {
			isa = PBXResourcesBuildPhase;
			buildActionMask = 2147483647;
			files = (
				85F9081D1F12D9E30062BD63 /* LaunchScreen.storyboard in Resources */,
				85F9081A1F12D9E30062BD63 /* Assets.xcassets in Resources */,
				85F908181F12D9E30062BD63 /* Main.storyboard in Resources */,
			);
			runOnlyForDeploymentPostprocessing = 0;
		};
		85F908211F12D9E30062BD63 /* Resources */ = {
			isa = PBXResourcesBuildPhase;
			buildActionMask = 2147483647;
			files = (
			);
			runOnlyForDeploymentPostprocessing = 0;
		};
/* End PBXResourcesBuildPhase section */

/* Begin PBXSourcesBuildPhase section */
		85F908061F12D9E30062BD63 /* Sources */ = {
			isa = PBXSourcesBuildPhase;
			buildActionMask = 2147483647;
			files = (
				85F908111F12D9E30062BD63 /* Celetur.xcdatamodeld in Sources */,
				85F9080E1F12D9E30062BD63 /* AppDelegate.swift in Sources */,
				85F908131F12D9E30062BD63 /* MasterViewController.swift in Sources */,
				85F908151F12D9E30062BD63 /* DetailViewController.swift in Sources */,
			);
			runOnlyForDeploymentPostprocessing = 0;
		};
		85F9081F1F12D9E30062BD63 /* Sources */ = {
			isa = PBXSourcesBuildPhase;
			buildActionMask = 2147483647;
			files = (
				85F908281F12D9E30062BD63 /* CeleturTests.swift in Sources */,
			);
			runOnlyForDeploymentPostprocessing = 0;
		};
/* End PBXSourcesBuildPhase section */

/* Begin PBXTargetDependency section */
		85F908251F12D9E30062BD63 /* PBXTargetDependency */ = {
			isa = PBXTargetDependency;
			target = 85F908091F12D9E30062BD63 /* Celetur */;
			targetProxy = 85F908241F12D9E30062BD63 /* PBXContainerItemProxy */;
		};
/* End PBXTargetDependency section */

/* Begin PBXVariantGroup section */
		85F908161F12D9E30062BD63 /* Main.storyboard */ = {
			isa = PBXVariantGroup;
			children = (
				85F908171F12D9E30062BD63 /* Base */,
			);
			name = Main.storyboard;
			sourceTree = "<group>";
		};
		85F9081B1F12D9E30062BD63 /* LaunchScreen.storyboard */ = {
			isa = PBXVariantGroup;
			children = (
				85F9081C1F12D9E30062BD63 /* Base */,
			);
			name = LaunchScreen.storyboard;
			sourceTree = "<group>";
		};
/* End PBXVariantGroup section */

/* Begin XCBuildConfiguration section */
		85F9082A1F12D9E30062BD63 /* Debug */ = {
			isa = XCBuildConfiguration;
			buildSettings = {
				ALWAYS_SEARCH_USER_PATHS = NO;
				CLANG_ANALYZER_NONNULL = YES;
				CLANG_ANALYZER_NUMBER_OBJECT_CONVERSION = YES_AGGRESSIVE;
				CLANG_CXX_LANGUAGE_STANDARD = "gnu++14";
				CLANG_CXX_LIBRARY = "libc++";
				CLANG_ENABLE_MODULES = YES;
				CLANG_ENABLE_OBJC_ARC = YES;
				CLANG_WARN_BLOCK_CAPTURE_AUTORELEASING = YES;
				CLANG_WARN_BOOL_CONVERSION = YES;
				CLANG_WARN_COMMA = YES;
				CLANG_WARN_CONSTANT_CONVERSION = YES;
				CLANG_WARN_DIRECT_OBJC_ISA_USAGE = YES_ERROR;
				CLANG_WARN_DOCUMENTATION_COMMENTS = YES;
				CLANG_WARN_EMPTY_BODY = YES;
				CLANG_WARN_ENUM_CONVERSION = YES;
				CLANG_WARN_INFINITE_RECURSION = YES;
				CLANG_WARN_INT_CONVERSION = YES;
				CLANG_WARN_OBJC_ROOT_CLASS = YES_ERROR;
				CLANG_WARN_RANGE_LOOP_ANALYSIS = YES;
				CLANG_WARN_STRICT_PROTOTYPES = YES;
				CLANG_WARN_SUSPICIOUS_MOVE = YES;
				CLANG_WARN_UNGUARDED_AVAILABILITY = YES_AGGRESSIVE;
				CLANG_WARN_UNREACHABLE_CODE = YES;
				CLANG_WARN__DUPLICATE_METHOD_MATCH = YES;
				CODE_SIGN_IDENTITY = "iPhone Developer";
				COPY_PHASE_STRIP = NO;
				DEBUG_INFORMATION_FORMAT = dwarf;
				ENABLE_STRICT_OBJC_MSGSEND = YES;
				ENABLE_TESTABILITY = YES;
				GCC_C_LANGUAGE_STANDARD = gnu11;
				GCC_DYNAMIC_NO_PIC = NO;
				GCC_NO_COMMON_BLOCKS = YES;
				GCC_OPTIMIZATION_LEVEL = 0;
				GCC_PREPROCESSOR_DEFINITIONS = (
					"DEBUG=1",
					"$(inherited)",
				);
				GCC_WARN_64_TO_32_BIT_CONVERSION = YES;
				GCC_WARN_ABOUT_RETURN_TYPE = YES_ERROR;
				GCC_WARN_UNDECLARED_SELECTOR = YES;
				GCC_WARN_UNINITIALIZED_AUTOS = YES_AGGRESSIVE;
				GCC_WARN_UNUSED_FUNCTION = YES;
				GCC_WARN_UNUSED_VARIABLE = YES;
				IPHONEOS_DEPLOYMENT_TARGET = 10.3;
				MTL_ENABLE_DEBUG_INFO = YES;
				ONLY_ACTIVE_ARCH = YES;
				SDKROOT = iphoneos;
				SWIFT_ACTIVE_COMPILATION_CONDITIONS = DEBUG;
				SWIFT_OPTIMIZATION_LEVEL = "-Onone";
			};
			name = Debug;
		};
		85F9082B1F12D9E30062BD63 /* Release */ = {
			isa = XCBuildConfiguration;
			buildSettings = {
				ALWAYS_SEARCH_USER_PATHS = NO;
				CLANG_ANALYZER_NONNULL = YES;
				CLANG_ANALYZER_NUMBER_OBJECT_CONVERSION = YES_AGGRESSIVE;
				CLANG_CXX_LANGUAGE_STANDARD = "gnu++14";
				CLANG_CXX_LIBRARY = "libc++";
				CLANG_ENABLE_MODULES = YES;
				CLANG_ENABLE_OBJC_ARC = YES;
				CLANG_WARN_BLOCK_CAPTURE_AUTORELEASING = YES;
				CLANG_WARN_BOOL_CONVERSION = YES;
				CLANG_WARN_COMMA = YES;
				CLANG_WARN_CONSTANT_CONVERSION = YES;
				CLANG_WARN_DIRECT_OBJC_ISA_USAGE = YES_ERROR;
				CLANG_WARN_DOCUMENTATION_COMMENTS = YES;
				CLANG_WARN_EMPTY_BODY = YES;
				CLANG_WARN_ENUM_CONVERSION = YES;
				CLANG_WARN_INFINITE_RECURSION = YES;
				CLANG_WARN_INT_CONVERSION = YES;
				CLANG_WARN_OBJC_ROOT_CLASS = YES_ERROR;
				CLANG_WARN_RANGE_LOOP_ANALYSIS = YES;
				CLANG_WARN_STRICT_PROTOTYPES = YES;
				CLANG_WARN_SUSPICIOUS_MOVE = YES;
				CLANG_WARN_UNGUARDED_AVAILABILITY = YES_AGGRESSIVE;
				CLANG_WARN_UNREACHABLE_CODE = YES;
				CLANG_WARN__DUPLICATE_METHOD_MATCH = YES;
				CODE_SIGN_IDENTITY = "iPhone Developer";
				COPY_PHASE_STRIP = NO;
				DEBUG_INFORMATION_FORMAT = "dwarf-with-dsym";
				ENABLE_NS_ASSERTIONS = NO;
				ENABLE_STRICT_OBJC_MSGSEND = YES;
				GCC_C_LANGUAGE_STANDARD = gnu11;
				GCC_NO_COMMON_BLOCKS = YES;
				GCC_WARN_64_TO_32_BIT_CONVERSION = YES;
				GCC_WARN_ABOUT_RETURN_TYPE = YES_ERROR;
				GCC_WARN_UNDECLARED_SELECTOR = YES;
				GCC_WARN_UNINITIALIZED_AUTOS = YES_AGGRESSIVE;
				GCC_WARN_UNUSED_FUNCTION = YES;
				GCC_WARN_UNUSED_VARIABLE = YES;
				IPHONEOS_DEPLOYMENT_TARGET = 10.3;
				MTL_ENABLE_DEBUG_INFO = NO;
				SDKROOT = iphoneos;
				SWIFT_OPTIMIZATION_LEVEL = "-Owholemodule";
				VALIDATE_PRODUCT = YES;
			};
			name = Release;
		};
		85F9082D1F12D9E30062BD63 /* Debug */ = {
			isa = XCBuildConfiguration;
			buildSettings = {
				ASSETCATALOG_COMPILER_APPICON_NAME = AppIcon;
				DEVELOPMENT_TEAM = 4V27BGKSLA;
				INFOPLIST_FILE = Celetur/Info.plist;
				LD_RUNPATH_SEARCH_PATHS = "$(inherited) @executable_path/Frameworks";
				PRODUCT_BUNDLE_IDENTIFIER = net.ischlecken.Celetur;
				PRODUCT_NAME = "$(TARGET_NAME)";
				SWIFT_VERSION = 4.0;
				TARGETED_DEVICE_FAMILY = "1,2";
			};
			name = Debug;
		};
		85F9082E1F12D9E30062BD63 /* Release */ = {
			isa = XCBuildConfiguration;
			buildSettings = {
				ASSETCATALOG_COMPILER_APPICON_NAME = AppIcon;
				DEVELOPMENT_TEAM = 4V27BGKSLA;
				INFOPLIST_FILE = Celetur/Info.plist;
				LD_RUNPATH_SEARCH_PATHS = "$(inherited) @executable_path/Frameworks";
				PRODUCT_BUNDLE_IDENTIFIER = net.ischlecken.Celetur;
				PRODUCT_NAME = "$(TARGET_NAME)";
				SWIFT_VERSION = 4.0;
				TARGETED_DEVICE_FAMILY = "1,2";
			};
			name = Release;
		};
		85F908301F12D9E30062BD63 /* Debug */ = {
			isa = XCBuildConfiguration;
			buildSettings = {
				ALWAYS_EMBED_SWIFT_STANDARD_LIBRARIES = YES;
				BUNDLE_LOADER = "$(TEST_HOST)";
				DEVELOPMENT_TEAM = 4V27BGKSLA;
				INFOPLIST_FILE = CeleturTests/Info.plist;
				LD_RUNPATH_SEARCH_PATHS = "$(inherited) @executable_path/Frameworks @loader_path/Frameworks";
				PRODUCT_BUNDLE_IDENTIFIER = net.ischlecken.CeleturTests;
				PRODUCT_NAME = "$(TARGET_NAME)";
				SWIFT_VERSION = 4.0;
				TARGETED_DEVICE_FAMILY = "1,2";
				TEST_HOST = "$(BUILT_PRODUCTS_DIR)/Celetur.app/Celetur";
			};
			name = Debug;
		};
		85F908311F12D9E30062BD63 /* Release */ = {
			isa = XCBuildConfiguration;
			buildSettings = {
				ALWAYS_EMBED_SWIFT_STANDARD_LIBRARIES = YES;
				BUNDLE_LOADER = "$(TEST_HOST)";
				DEVELOPMENT_TEAM = 4V27BGKSLA;
				INFOPLIST_FILE = CeleturTests/Info.plist;
				LD_RUNPATH_SEARCH_PATHS = "$(inherited) @executable_path/Frameworks @loader_path/Frameworks";
				PRODUCT_BUNDLE_IDENTIFIER = net.ischlecken.CeleturTests;
				PRODUCT_NAME = "$(TARGET_NAME)";
				SWIFT_VERSION = 4.0;
				TARGETED_DEVICE_FAMILY = "1,2";
				TEST_HOST = "$(BUILT_PRODUCTS_DIR)/Celetur.app/Celetur";
			};
			name = Release;
		};
/* End XCBuildConfiguration section */

/* Begin XCConfigurationList section */
		85F908051F12D9E30062BD63 /* Build configuration list for PBXProject "Celetur" */ = {
			isa = XCConfigurationList;
			buildConfigurations = (
				85F9082A1F12D9E30062BD63 /* Debug */,
				85F9082B1F12D9E30062BD63 /* Release */,
			);
			defaultConfigurationIsVisible = 0;
			defaultConfigurationName = Release;
		};
		85F9082C1F12D9E30062BD63 /* Build configuration list for PBXNativeTarget "Celetur" */ = {
			isa = XCConfigurationList;
			buildConfigurations = (
				85F9082D1F12D9E30062BD63 /* Debug */,
				85F9082E1F12D9E30062BD63 /* Release */,
			);
			defaultConfigurationIsVisible = 0;
		};
		85F9082F1F12D9E30062BD63 /* Build configuration list for PBXNativeTarget "CeleturTests" */ = {
			isa = XCConfigurationList;
			buildConfigurations = (
				85F908301F12D9E30062BD63 /* Debug */,
				85F908311F12D9E30062BD63 /* Release */,
			);
			defaultConfigurationIsVisible = 0;
		};
/* End XCConfigurationList section */

/* Begin XCVersionGroup section */
		85F9080F1F12D9E30062BD63 /* Celetur.xcdatamodeld */ = {
			isa = XCVersionGroup;
			children = (
				85F908101F12D9E30062BD63 /* Celetur.xcdatamodel */,
			);
			currentVersion = 85F908101F12D9E30062BD63 /* Celetur.xcdatamodel */;
			path = Celetur.xcdatamodeld;
			sourceTree = "<group>";
			versionGroupType = wrapper.xcdatamodel;
		};
/* End XCVersionGroup section */
	};
	rootObject = 85F908021F12D9E30062BD63 /* Project object */;
}
